
Microsoft Visual Studio Solution File, Format Version 12.00
# Visual Studio Version 16
VisualStudioVersion = 16.0.29613.14
MinimumVisualStudioVersion = 10.0.40219.1
Project("{FAE04EC0-301F-11D3-BF4B-00C04F79EFBC}") = "SiteGestionResaCore", "SiteGestionResaCore\SiteGestionResaCore.csproj", "{A2F0DB92-DDC5-4528-9A70-BF21D56056A5}"
EndProject
Global
	GlobalSection(SolutionConfigurationPlatforms) = preSolution
		Debug|Any CPU = Debug|Any CPU
		Release|Any CPU = Release|Any CPU
	EndGlobalSection
	GlobalSection(ProjectConfigurationPlatforms) = postSolution
		{A2F0DB92-DDC5-4528-9A70-BF21D56056A5}.Debug|Any CPU.ActiveCfg = Debug|Any CPU
		{A2F0DB92-DDC5-4528-9A70-BF21D56056A5}.Debug|Any CPU.Build.0 = Debug|Any CPU
		{A2F0DB92-DDC5-4528-9A70-BF21D56056A5}.Release|Any CPU.ActiveCfg = Release|Any CPU
		{A2F0DB92-DDC5-4528-9A70-BF21D56056A5}.Release|Any CPU.Build.0 = Release|Any CPU
	EndGlobalSection
	GlobalSection(SolutionProperties) = preSolution
		HideSolutionNode = FALSE
	EndGlobalSection
	GlobalSection(ExtensibilityGlobals) = postSolution
		SolutionGuid = {2A80EAF6-4921-4CD9-9DD9-42D398B7071A}
	EndGlobalSection
EndGlobal
